
Microsoft Visual Studio Solution File, Format Version 12.00
# Visual Studio 15
Project("{FAE04EC0-301F-11D3-BF4B-00C04F79EFBC}") = "Assembly-CSharp", "Assembly-CSharp.csproj", "{DDCC5110-29BB-A1EB-C13C-0FE0938F9752}"
EndProject
Project("{FAE04EC0-301F-11D3-BF4B-00C04F79EFBC}") = "Assembly-CSharp-firstpass", "Assembly-CSharp-firstpass.csproj", "{C81569CC-0A1E-18D4-D95B-A17B6BF0708F}"
EndProject
Global
	GlobalSection(SolutionConfigurationPlatforms) = preSolution
		Debug|Any CPU = Debug|Any CPU
		Release|Any CPU = Release|Any CPU
	EndGlobalSection
	GlobalSection(ProjectConfigurationPlatforms) = postSolution
		{DDCC5110-29BB-A1EB-C13C-0FE0938F9752}.Debug|Any CPU.ActiveCfg = Debug|Any CPU
		{DDCC5110-29BB-A1EB-C13C-0FE0938F9752}.Debug|Any CPU.Build.0 = Debug|Any CPU
		{DDCC5110-29BB-A1EB-C13C-0FE0938F9752}.Release|Any CPU.ActiveCfg = Release|Any CPU
		{DDCC5110-29BB-A1EB-C13C-0FE0938F9752}.Release|Any CPU.Build.0 = Release|Any CPU
		{C81569CC-0A1E-18D4-D95B-A17B6BF0708F}.Debug|Any CPU.ActiveCfg = Debug|Any CPU
		{C81569CC-0A1E-18D4-D95B-A17B6BF0708F}.Debug|Any CPU.Build.0 = Debug|Any CPU
		{C81569CC-0A1E-18D4-D95B-A17B6BF0708F}.Release|Any CPU.ActiveCfg = Release|Any CPU
		{C81569CC-0A1E-18D4-D95B-A17B6BF0708F}.Release|Any CPU.Build.0 = Release|Any CPU
	EndGlobalSection
	GlobalSection(SolutionProperties) = preSolution
		HideSolutionNode = FALSE
	EndGlobalSection
EndGlobal
